
Microsoft Visual Studio Solution File, Format Version 12.00
# Visual Studio Version 17
VisualStudioVersion = 17.13.35828.75 d17.13
MinimumVisualStudioVersion = 10.0.40219.1
Project("{FAE04EC0-301F-11D3-BF4B-00C04F79EFBC}") = "tareasprueba.api", "tareasprueba.api\tareasprueba.api.csproj", "{45864532-19F7-42FA-A7E2-F09571AFD938}"
EndProject
Global
	GlobalSection(SolutionConfigurationPlatforms) = preSolution
		Debug|Any CPU = Debug|Any CPU
		Release|Any CPU = Release|Any CPU
	EndGlobalSection
	GlobalSection(ProjectConfigurationPlatforms) = postSolution
		{45864532-19F7-42FA-A7E2-F09571AFD938}.Debug|Any CPU.ActiveCfg = Debug|Any CPU
		{45864532-19F7-42FA-A7E2-F09571AFD938}.Debug|Any CPU.Build.0 = Debug|Any CPU
		{45864532-19F7-42FA-A7E2-F09571AFD938}.Release|Any CPU.ActiveCfg = Release|Any CPU
		{45864532-19F7-42FA-A7E2-F09571AFD938}.Release|Any CPU.Build.0 = Release|Any CPU
	EndGlobalSection
	GlobalSection(SolutionProperties) = preSolution
		HideSolutionNode = FALSE
	EndGlobalSection
	GlobalSection(ExtensibilityGlobals) = postSolution
		SolutionGuid = {33535F17-A0EF-40A3-AA72-7AEF425A1291}
	EndGlobalSection
EndGlobal
